DEPENDENCIES
  atom
    git: git@github.com:dayne/chef-atom.git
    revision: 86b6eda6ce9c22a3ea5ee7e1e191bc5bc7423a21
    branch: relaxhomebrew
  d-base
    path: .
    metadata: true
  d_devbox
    git: https://github.com/dayne/d_devbox.git
    revision: 3c50b03ad186335cc58eb7366cd329051d25b147
  steam
    git: https://github.com/dayne/steam-chef.git
    revision: e50f177c2bccc6acb0079f59f600481cf5e8806b
    branch: update_apt

GRAPH
  apache2 (5.2.1)
  apt (7.1.1)
  ark (3.1.1)
    build-essential (>= 0.0.0)
    seven_zip (>= 0.0.0)
  atom (0.2.2)
    apt (> 3.0)
    homebrew (< 5.0.0)
  bash-CVE-2014-6271 (0.1.1)
  bash-CVE-2014-7169 (0.1.0)
  build-essential (8.2.1)
    mingw (>= 1.1)
    seven_zip (>= 0.0.0)
  chef-client (11.0.3)
    cron (>= 4.2.0)
    logrotate (>= 1.9.0)
  chef-sugar (4.1.0)
  chruby_install (0.1.4)
    build-essential (>= 0.0.0)
  cron (6.2.1)
  d-base (0.6.0)
    apt (>= 0.0.0)
    bash-CVE-2014-6271 (>= 0.0.0)
    bash-CVE-2014-7169 (>= 0.0.0)
    chef-client (>= 0.0.0)
    chef-sugar (>= 0.0.0)
    chruby_install (~> 0.1.3)
    d_devbox (>= 0.0.0)
    docker (>= 0.0.0)
    line (>= 0.0.0)
    n1nj4-users (>= 0.0.0)
    nodejs (>= 0.0.0)
    openssh (>= 0.0.0)
    packages (>= 0.0.0)
    qgis (>= 0.0.0)
    resolver (>= 0.0.0)
    ruby_install (~> 1.1.0)
    steam (~> 2.2.1)
    system (>= 0.0.0)
  d_devbox (0.3.0)
    apt (>= 0.0.0)
    atom (>= 0.2.0)
    docker (>= 2.15.25)
    habitat (>= 0.3.0)
    vagrant (>= 0.7.0)
    virtualbox (>= 2.1)
  dmg (4.1.1)
  docker (4.6.7)
  habitat (0.67.0)
  homebrew (4.3.0)
  hostsfile (3.0.1)
  iptables (4.5.0)
  line (2.1.1)
  logrotate (2.2.0)
  mingw (2.1.0)
    seven_zip (>= 0.0.0)
  n1nj4-users (0.4.0)
    sudo (>= 0.0.0)
    user (>= 0.0.0)
    users (>= 0.0.0)
  nodejs (6.0.0)
    ark (>= 2.0.2)
    build-essential (>= 5.0)
  openssh (2.7.1)
    iptables (>= 1.0)
  packages (1.1.0)
  qgis (0.3.2)
    apt (>= 0.0.0)
  resolver (2.1.0)
  ruby_install (1.1.0)
    apt (>= 0.0.0)
    ark (>= 0.0.0)
    yum (>= 0.0.0)
  seven_zip (3.1.0)
    windows (>= 0.0.0)
  steam (2.2.4)
    apt (>= 0.0.0)
    dmg (>= 0.0.0)
    windows (>= 0.0.0)
  sudo (5.4.4)
  system (0.11.2)
    apt (>= 0.0.0)
    cron (>= 0.0.0)
    hostsfile (>= 0.0.0)
  user (0.7.0)
  users (5.4.0)
  vagrant (0.9.1)
    dmg (>= 2.2.2)
  virtualbox (2.1.0)
    apache2 (>= 0.0.0)
    apt (>= 0.0.0)
    dmg (>= 0.0.0)
    windows (>= 0.0.0)
    yum (> 3.1)
  windows (5.2.2)
  yum (5.1.0)
